{
  "name": "node_ajs",
  "version": "1.0.0",
  "lockfileVersion": 3,
  "requires": true,
  "packages": {
    "": {
      "name": "node_ajs",
      "version": "1.0.0",
      "license": "ISC",
      "dependencies": {
        "@vidok0577/ajs": "^1.0.0"
      }
    },
    "node_modules/@vidok0577/ajs": {
      "version": "1.0.0",
      "resolved": "https://npm.pkg.github.com/download/@vidok0577/ajs/1.0.0/6b07bc3f844c5e274d49d87962b257e7b8f78d9e",
      "integrity": "sha512-9+vNTQBXTb1Axv8iGPaDc/tP3ebHXYGQZxWUdq2L+ticDHA73EXXf6cXrOVFKLrtjyPmrMMfdi4AImFn9ocjKA=="
    }
  }
}
